
Microsoft Visual Studio Solution File, Format Version 12.00
# Visual Studio Version 16
VisualStudioVersion = 16.0.810.0
MinimumVisualStudioVersion = 10.0.40219.1
Project("{FAE04EC0-301F-11D3-BF4B-00C04F79EFBC}") = "WorldCities", "WorldCities\WorldCities.csproj", "{E63A7B84-807A-4BA0-B317-0C1344800E56}"
EndProject
Project("{FAE04EC0-301F-11D3-BF4B-00C04F79EFBC}") = "WorldCities.Tests", "WorldCities.Tests\WorldCities.Tests.csproj", "{9AAD424B-D8CD-424B-96EA-A5EC50118362}"
EndProject
Global
	GlobalSection(SolutionConfigurationPlatforms) = preSolution
		Debug|Any CPU = Debug|Any CPU
		Release|Any CPU = Release|Any CPU
	EndGlobalSection
	GlobalSection(ProjectConfigurationPlatforms) = postSolution
		{E63A7B84-807A-4BA0-B317-0C1344800E56}.Debug|Any CPU.ActiveCfg = Debug|Any CPU
		{E63A7B84-807A-4BA0-B317-0C1344800E56}.Debug|Any CPU.Build.0 = Debug|Any CPU
		{E63A7B84-807A-4BA0-B317-0C1344800E56}.Release|Any CPU.ActiveCfg = Release|Any CPU
		{E63A7B84-807A-4BA0-B317-0C1344800E56}.Release|Any CPU.Build.0 = Release|Any CPU
		{9AAD424B-D8CD-424B-96EA-A5EC50118362}.Debug|Any CPU.ActiveCfg = Debug|Any CPU
		{9AAD424B-D8CD-424B-96EA-A5EC50118362}.Debug|Any CPU.Build.0 = Debug|Any CPU
		{9AAD424B-D8CD-424B-96EA-A5EC50118362}.Release|Any CPU.ActiveCfg = Release|Any CPU
		{9AAD424B-D8CD-424B-96EA-A5EC50118362}.Release|Any CPU.Build.0 = Release|Any CPU
	EndGlobalSection
	GlobalSection(SolutionProperties) = preSolution
		HideSolutionNode = FALSE
	EndGlobalSection
	GlobalSection(ExtensibilityGlobals) = postSolution
		SolutionGuid = {2C5090E6-4A97-4CBB-95F6-F9BCF584AF4F}
	EndGlobalSection
EndGlobal
